
Microsoft Visual Studio Solution File, Format Version 12.00
# Visual Studio Version 17
VisualStudioVersion = 17.14.36327.8 d17.14
MinimumVisualStudioVersion = 10.0.40219.1
Project("{FAE04EC0-301F-11D3-BF4B-00C04F79EFBC}") = "maslyanchuk-E-Lab-2", "maslyanchuk-E-Lab-2.csproj", "{F6497885-21DA-4880-8E9C-C5E8DD70F283}"
EndProject
Global
	GlobalSection(SolutionConfigurationPlatforms) = preSolution
		Debug|Any CPU = Debug|Any CPU
		Release|Any CPU = Release|Any CPU
	EndGlobalSection
	GlobalSection(ProjectConfigurationPlatforms) = postSolution
		{F6497885-21DA-4880-8E9C-C5E8DD70F283}.Debug|Any CPU.ActiveCfg = Debug|Any CPU
		{F6497885-21DA-4880-8E9C-C5E8DD70F283}.Debug|Any CPU.Build.0 = Debug|Any CPU
		{F6497885-21DA-4880-8E9C-C5E8DD70F283}.Release|Any CPU.ActiveCfg = Release|Any CPU
		{F6497885-21DA-4880-8E9C-C5E8DD70F283}.Release|Any CPU.Build.0 = Release|Any CPU
	EndGlobalSection
	GlobalSection(SolutionProperties) = preSolution
		HideSolutionNode = FALSE
	EndGlobalSection
	GlobalSection(ExtensibilityGlobals) = postSolution
		SolutionGuid = {599384DA-9566-48C9-9E60-1DBF25E1E282}
	EndGlobalSection
EndGlobal
