
Microsoft Visual Studio Solution File, Format Version 12.00
# Visual Studio Version 17
VisualStudioVersion = 17.14.36915.13 d17.14
MinimumVisualStudioVersion = 10.0.40219.1
Project("{FAE04EC0-301F-11D3-BF4B-00C04F79EFBC}") = "Phone List Database", "Phone List Database.csproj", "{1936EC97-BD7A-4AB5-998F-7E4C8807EA53}"
EndProject
Global
	GlobalSection(SolutionConfigurationPlatforms) = preSolution
		Debug|Any CPU = Debug|Any CPU
		Release|Any CPU = Release|Any CPU
	EndGlobalSection
	GlobalSection(ProjectConfigurationPlatforms) = postSolution
		{1936EC97-BD7A-4AB5-998F-7E4C8807EA53}.Debug|Any CPU.ActiveCfg = Debug|Any CPU
		{1936EC97-BD7A-4AB5-998F-7E4C8807EA53}.Debug|Any CPU.Build.0 = Debug|Any CPU
		{1936EC97-BD7A-4AB5-998F-7E4C8807EA53}.Release|Any CPU.ActiveCfg = Release|Any CPU
		{1936EC97-BD7A-4AB5-998F-7E4C8807EA53}.Release|Any CPU.Build.0 = Release|Any CPU
	EndGlobalSection
	GlobalSection(SolutionProperties) = preSolution
		HideSolutionNode = FALSE
	EndGlobalSection
	GlobalSection(ExtensibilityGlobals) = postSolution
		SolutionGuid = {B418FE6B-617C-410F-BB96-9627F4F5A0A2}
	EndGlobalSection
EndGlobal
