
Microsoft Visual Studio Solution File, Format Version 12.00
# Visual Studio Version 17
VisualStudioVersion = 17.14.36327.8 d17.14
MinimumVisualStudioVersion = 10.0.40219.1
Project("{FAE04EC0-301F-11D3-BF4B-00C04F79EFBC}") = "maslyanchuk-E-Lab -10-Chapter-10", "maslyanchuk-E-Lab -10-Chapter-10.csproj", "{BC5A8511-9539-4339-B0AD-4641C0DECDFE}"
EndProject
Global
	GlobalSection(SolutionConfigurationPlatforms) = preSolution
		Debug|Any CPU = Debug|Any CPU
		Release|Any CPU = Release|Any CPU
	EndGlobalSection
	GlobalSection(ProjectConfigurationPlatforms) = postSolution
		{BC5A8511-9539-4339-B0AD-4641C0DECDFE}.Debug|Any CPU.ActiveCfg = Debug|Any CPU
		{BC5A8511-9539-4339-B0AD-4641C0DECDFE}.Debug|Any CPU.Build.0 = Debug|Any CPU
		{BC5A8511-9539-4339-B0AD-4641C0DECDFE}.Release|Any CPU.ActiveCfg = Release|Any CPU
		{BC5A8511-9539-4339-B0AD-4641C0DECDFE}.Release|Any CPU.Build.0 = Release|Any CPU
	EndGlobalSection
	GlobalSection(SolutionProperties) = preSolution
		HideSolutionNode = FALSE
	EndGlobalSection
	GlobalSection(ExtensibilityGlobals) = postSolution
		SolutionGuid = {7F058900-DC1F-4C08-BB49-D24165FD106E}
	EndGlobalSection
EndGlobal
