
Microsoft Visual Studio Solution File, Format Version 12.00
# Visual Studio Version 17
VisualStudioVersion = 17.14.36930.0 d17.14
MinimumVisualStudioVersion = 10.0.40219.1
Project("{FAE04EC0-301F-11D3-BF4B-00C04F79EFBC}") = "Lab_4_EMaslyachuk", "Lab_4_EMaslyachuk.csproj", "{5AAEBB7F-4C76-4F52-BE8B-2785FD31FDF7}"
EndProject
Global
	GlobalSection(SolutionConfigurationPlatforms) = preSolution
		Debug|Any CPU = Debug|Any CPU
		Release|Any CPU = Release|Any CPU
	EndGlobalSection
	GlobalSection(ProjectConfigurationPlatforms) = postSolution
		{5AAEBB7F-4C76-4F52-BE8B-2785FD31FDF7}.Debug|Any CPU.ActiveCfg = Debug|Any CPU
		{5AAEBB7F-4C76-4F52-BE8B-2785FD31FDF7}.Debug|Any CPU.Build.0 = Debug|Any CPU
		{5AAEBB7F-4C76-4F52-BE8B-2785FD31FDF7}.Release|Any CPU.ActiveCfg = Release|Any CPU
		{5AAEBB7F-4C76-4F52-BE8B-2785FD31FDF7}.Release|Any CPU.Build.0 = Release|Any CPU
	EndGlobalSection
	GlobalSection(SolutionProperties) = preSolution
		HideSolutionNode = FALSE
	EndGlobalSection
	GlobalSection(ExtensibilityGlobals) = postSolution
		SolutionGuid = {710C04AC-98FF-4AD4-AE65-1D60649D5D3B}
	EndGlobalSection
EndGlobal
