
Microsoft Visual Studio Solution File, Format Version 12.00
# Visual Studio Version 17
VisualStudioVersion = 17.14.36915.13 d17.14
MinimumVisualStudioVersion = 10.0.40219.1
Project("{FAE04EC0-301F-11D3-BF4B-00C04F79EFBC}") = "Lab-3-Maslyanchuk-Eric", "Lab-3-Maslyanchuk-Eric.csproj", "{9F969B5D-6B1A-4610-90A7-F14416F0A697}"
EndProject
Global
	GlobalSection(SolutionConfigurationPlatforms) = preSolution
		Debug|Any CPU = Debug|Any CPU
		Release|Any CPU = Release|Any CPU
	EndGlobalSection
	GlobalSection(ProjectConfigurationPlatforms) = postSolution
		{9F969B5D-6B1A-4610-90A7-F14416F0A697}.Debug|Any CPU.ActiveCfg = Debug|Any CPU
		{9F969B5D-6B1A-4610-90A7-F14416F0A697}.Debug|Any CPU.Build.0 = Debug|Any CPU
		{9F969B5D-6B1A-4610-90A7-F14416F0A697}.Release|Any CPU.ActiveCfg = Release|Any CPU
		{9F969B5D-6B1A-4610-90A7-F14416F0A697}.Release|Any CPU.Build.0 = Release|Any CPU
	EndGlobalSection
	GlobalSection(SolutionProperties) = preSolution
		HideSolutionNode = FALSE
	EndGlobalSection
	GlobalSection(ExtensibilityGlobals) = postSolution
		SolutionGuid = {38501643-B50A-4521-9F26-34231AA4FFDE}
	EndGlobalSection
EndGlobal
