
Microsoft Visual Studio Solution File, Format Version 12.00
# Visual Studio Version 17
VisualStudioVersion = 17.14.36327.8 d17.14
MinimumVisualStudioVersion = 10.0.40219.1
Project("{FAE04EC0-301F-11D3-BF4B-00C04F79EFBC}") = "maslyanchuk-E-Lab-3", "maslyanchuk-E-Lab-3.csproj", "{D160C3D2-8A52-469B-8890-35ED5FD29ED8}"
EndProject
Global
	GlobalSection(SolutionConfigurationPlatforms) = preSolution
		Debug|Any CPU = Debug|Any CPU
		Release|Any CPU = Release|Any CPU
	EndGlobalSection
	GlobalSection(ProjectConfigurationPlatforms) = postSolution
		{D160C3D2-8A52-469B-8890-35ED5FD29ED8}.Debug|Any CPU.ActiveCfg = Debug|Any CPU
		{D160C3D2-8A52-469B-8890-35ED5FD29ED8}.Debug|Any CPU.Build.0 = Debug|Any CPU
		{D160C3D2-8A52-469B-8890-35ED5FD29ED8}.Release|Any CPU.ActiveCfg = Release|Any CPU
		{D160C3D2-8A52-469B-8890-35ED5FD29ED8}.Release|Any CPU.Build.0 = Release|Any CPU
	EndGlobalSection
	GlobalSection(SolutionProperties) = preSolution
		HideSolutionNode = FALSE
	EndGlobalSection
	GlobalSection(ExtensibilityGlobals) = postSolution
		SolutionGuid = {32883AF4-88EE-4AD2-824E-D59AE6FE9CE6}
	EndGlobalSection
EndGlobal
